
Microsoft Visual Studio Solution File, Format Version 12.00
# Visual Studio Version 16
VisualStudioVersion = 16.0.31911.196
MinimumVisualStudioVersion = 10.0.40219.1
Project("{9A19103F-16F7-4668-BE54-9A1E7A4F7556}") = "YoussefJouharMockingV2.0", "YoussefJouharMockingV2.0\YoussefJouharMockingV2.0.csproj", "{18176C88-FF48-4F21-B8A9-837843CB35F6}"
EndProject
Project("{FAE04EC0-301F-11D3-BF4B-00C04F79EFBC}") = "ConvertDataTimeTest", "ConvertDataTimeTest\ConvertDataTimeTest.csproj", "{362F973A-90BF-4748-BA6D-11A05ECDD7B8}"
EndProject
Global
	GlobalSection(SolutionConfigurationPlatforms) = preSolution
		Debug|Any CPU = Debug|Any CPU
		Release|Any CPU = Release|Any CPU
	EndGlobalSection
	GlobalSection(ProjectConfigurationPlatforms) = postSolution
		{18176C88-FF48-4F21-B8A9-837843CB35F6}.Debug|Any CPU.ActiveCfg = Debug|Any CPU
		{18176C88-FF48-4F21-B8A9-837843CB35F6}.Debug|Any CPU.Build.0 = Debug|Any CPU
		{18176C88-FF48-4F21-B8A9-837843CB35F6}.Release|Any CPU.ActiveCfg = Release|Any CPU
		{18176C88-FF48-4F21-B8A9-837843CB35F6}.Release|Any CPU.Build.0 = Release|Any CPU
		{362F973A-90BF-4748-BA6D-11A05ECDD7B8}.Debug|Any CPU.ActiveCfg = Debug|Any CPU
		{362F973A-90BF-4748-BA6D-11A05ECDD7B8}.Debug|Any CPU.Build.0 = Debug|Any CPU
		{362F973A-90BF-4748-BA6D-11A05ECDD7B8}.Release|Any CPU.ActiveCfg = Release|Any CPU
		{362F973A-90BF-4748-BA6D-11A05ECDD7B8}.Release|Any CPU.Build.0 = Release|Any CPU
	EndGlobalSection
	GlobalSection(SolutionProperties) = preSolution
		HideSolutionNode = FALSE
	EndGlobalSection
	GlobalSection(ExtensibilityGlobals) = postSolution
		SolutionGuid = {4A29264E-0E79-45E5-9D60-530D3813808F}
	EndGlobalSection
EndGlobal
